// !$*UTF8*$!
{
	archiveVersion = 1;
	classes = {
	};
	objectVersion = 55;
	objects = {

/* Begin PBXBuildFile section */
		CEEB6BDD283D85B100DD73DB /* AppDelegate.swift in Sources */ = {isa = PBXBuildFile; fileRef = CEEB6BDC283D85B100DD73DB /* AppDelegate.swift */; };
		CEEB6BDF283D85B100DD73DB /* SceneDelegate.swift in Sources */ = {isa = PBXBuildFile; fileRef = CEEB6BDE283D85B100DD73DB /* SceneDelegate.swift */; };
		CEEB6BE1283D85B100DD73DB /* ViewController.swift in Sources */ = {isa = PBXBuildFile; fileRef = CEEB6BE0283D85B100DD73DB /* ViewController.swift */; };
		CEEB6BE4283D85B100DD73DB /* Main.storyboard in Resources */ = {isa = PBXBuildFile; fileRef = CEEB6BE2283D85B100DD73DB /* Main.storyboard */; };
		CEEB6BE7283D85B100DD73DB /* A1_A2_iOS_Parth_C0854741.xcdatamodeld in Sources */ = {isa = PBXBuildFile; fileRef = CEEB6BE5283D85B100DD73DB /* A1_A2_iOS_Parth_C0854741.xcdatamodeld */; };
		CEEB6BE9283D85B300DD73DB /* Assets.xcassets in Resources */ = {isa = PBXBuildFile; fileRef = CEEB6BE8283D85B300DD73DB /* Assets.xcassets */; };
		CEEB6BEC283D85B300DD73DB /* LaunchScreen.storyboard in Resources */ = {isa = PBXBuildFile; fileRef = CEEB6BEA283D85B300DD73DB /* LaunchScreen.storyboard */; };
		CEEB6BF6283E748600DD73DB /* MarkerData.swift in Sources */ = {isa = PBXBuildFile; fileRef = CEEB6BF5283E748600DD73DB /* MarkerData.swift */; };
/* End PBXBuildFile section */

/* Begin PBXFileReference section */
		CEEB6BD9283D85B100DD73DB /* A1_A2_iOS_Parth_C0854741.app */ = {isa = PBXFileReference; explicitFileType = wrapper.application; includeInIndex = 0; path = A1_A2_iOS_Parth_C0854741.app; sourceTree = BUILT_PRODUCTS_DIR; };
		CEEB6BDC283D85B100DD73DB /* AppDelegate.swift */ = {isa = PBXFileReference; lastKnownFileType = sourcecode.swift; path = AppDelegate.swift; sourceTree = "<group>"; };
		CEEB6BDE283D85B100DD73DB /* SceneDelegate.swift */ = {isa = PBXFileReference; lastKnownFileType = sourcecode.swift; path = SceneDelegate.swift; sourceTree = "<group>"; };
		CEEB6BE0283D85B100DD73DB /* ViewController.swift */ = {isa = PBXFileReference; lastKnownFileType = sourcecode.swift; path = ViewController.swift; sourceTree = "<group>"; };
		CEEB6BE3283D85B100DD73DB /* Base */ = {isa = PBXFileReference; lastKnownFileType = file.storyboard; name = Base; path = Base.lproj/Main.storyboard; sourceTree = "<group>"; };
		CEEB6BE6283D85B100DD73DB /* A1_A2_iOS_Parth_C0854741.xcdatamodel */ = {isa = PBXFileReference; lastKnownFileType = wrapper.xcdatamodel; path = A1_A2_iOS_Parth_C0854741.xcdatamodel; sourceTree = "<group>"; };
		CEEB6BE8283D85B300DD73DB /* Assets.xcassets */ = {isa = PBXFileReference; lastKnownFileType = folder.assetcatalog; path = Assets.xcassets; sourceTree = "<group>"; };
		CEEB6BEB283D85B300DD73DB /* Base */ = {isa = PBXFileReference; lastKnownFileType = file.storyboard; name = Base; path = Base.lproj/LaunchScreen.storyboard; sourceTree = "<group>"; };
		CEEB6BED283D85B300DD73DB /* Info.plist */ = {isa = PBXFileReference; lastKnownFileType = text.plist.xml; path = Info.plist; sourceTree = "<group>"; };
		CEEB6BF5283E748600DD73DB /* MarkerData.swift */ = {isa = PBXFileReference; lastKnownFileType = sourcecode.swift; path = MarkerData.swift; sourceTree = "<group>"; };
/* End PBXFileReference section */

/* Begin PBXFrameworksBuildPhase section */
		CEEB6BD6283D85B100DD73DB /* Frameworks */ = {
			isa = PBXFrameworksBuildPhase;
			buildActionMask = 2147483647;
			files = (
			);
			runOnlyForDeploymentPostprocessing = 0;
		};
/* End PBXFrameworksBuildPhase section */

/* Begin PBXGroup section */
		CEEB6BD0283D85B100DD73DB = {
			isa = PBXGroup;
			children = (
				CEEB6BDB283D85B100DD73DB /* A1_A2_iOS_Parth_C0854741 */,
				CEEB6BDA283D85B100DD73DB /* Products */,
			);
			sourceTree = "<group>";
		};
		CEEB6BDA283D85B100DD73DB /* Products */ = {
			isa = PBXGroup;
			children = (
				CEEB6BD9283D85B100DD73DB /* A1_A2_iOS_Parth_C0854741.app */,
			);
			name = Products;
			sourceTree = "<group>";
		};
		CEEB6BDB283D85B100DD73DB /* A1_A2_iOS_Parth_C0854741 */ = {
			isa = PBXGroup;
			children = (
				CEEB6BDC283D85B100DD73DB /* AppDelegate.swift */,
				CEEB6BDE283D85B100DD73DB /* SceneDelegate.swift */,
				CEEB6BE0283D85B100DD73DB /* ViewController.swift */,
				CEEB6BF5283E748600DD73DB /* MarkerData.swift */,
				CEEB6BE2283D85B100DD73DB /* Main.storyboard */,
				CEEB6BE8283D85B300DD73DB /* Assets.xcassets */,
				CEEB6BEA283D85B300DD73DB /* LaunchScreen.storyboard */,
				CEEB6BED283D85B300DD73DB /* Info.plist */,
				CEEB6BE5283D85B100DD73DB /* A1_A2_iOS_Parth_C0854741.xcdatamodeld */,
			);
			path = A1_A2_iOS_Parth_C0854741;
			sourceTree = "<group>";
		};
/* End PBXGroup section */

/* Begin PBXNativeTarget section */
		CEEB6BD8283D85B100DD73DB /* A1_A2_iOS_Parth_C0854741 */ = {
			isa = PBXNativeTarget;
			buildConfigurationList = CEEB6BF0283D85B300DD73DB /* Build configuration list for PBXNativeTarget "A1_A2_iOS_Parth_C0854741" */;
			buildPhases = (
				CEEB6BD5283D85B100DD73DB /* Sources */,
				CEEB6BD6283D85B100DD73DB /* Frameworks */,
				CEEB6BD7283D85B100DD73DB /* Resources */,
			);
			buildRules = (
			);
			dependencies = (
			);
			name = A1_A2_iOS_Parth_C0854741;
			productName = A1_A2_iOS_Parth_C0854741;
			productReference = CEEB6BD9283D85B100DD73DB /* A1_A2_iOS_Parth_C0854741.app */;
			productType = "com.apple.product-type.application";
		};
/* End PBXNativeTarget section */

/* Begin PBXProject section */
		CEEB6BD1283D85B100DD73DB /* Project object */ = {
			isa = PBXProject;
			attributes = {
				BuildIndependentTargetsInParallel = 1;
				LastSwiftUpdateCheck = 1300;
				LastUpgradeCheck = 1300;
				TargetAttributes = {
					CEEB6BD8283D85B100DD73DB = {
						CreatedOnToolsVersion = 13.0;
					};
				};
			};
			buildConfigurationList = CEEB6BD4283D85B100DD73DB /* Build configuration list for PBXProject "A1_A2_iOS_Parth_C0854741" */;
			compatibilityVersion = "Xcode 13.0";
			developmentRegion = en;
			hasScannedForEncodings = 0;
			knownRegions = (
				en,
				Base,
			);
			mainGroup = CEEB6BD0283D85B100DD73DB;
			productRefGroup = CEEB6BDA283D85B100DD73DB /* Products */;
			projectDirPath = "";
			projectRoot = "";
			targets = (
				CEEB6BD8283D85B100DD73DB /* A1_A2_iOS_Parth_C0854741 */,
			);
		};
/* End PBXProject section */

/* Begin PBXResourcesBuildPhase section */
		CEEB6BD7283D85B100DD73DB /* Resources */ = {
			isa = PBXResourcesBuildPhase;
			buildActionMask = 2147483647;
			files = (
				CEEB6BEC283D85B300DD73DB /* LaunchScreen.storyboard in Resources */,
				CEEB6BE9283D85B300DD73DB /* Assets.xcassets in Resources */,
				CEEB6BE4283D85B100DD73DB /* Main.storyboard in Resources */,
			);
			runOnlyForDeploymentPostprocessing = 0;
		};
/* End PBXResourcesBuildPhase section */

/* Begin PBXSourcesBuildPhase section */
		CEEB6BD5283D85B100DD73DB /* Sources */ = {
			isa = PBXSourcesBuildPhase;
			buildActionMask = 2147483647;
			files = (
				CEEB6BE7283D85B100DD73DB /* A1_A2_iOS_Parth_C0854741.xcdatamodeld in Sources */,
				CEEB6BF6283E748600DD73DB /* MarkerData.swift in Sources */,
				CEEB6BE1283D85B100DD73DB /* ViewController.swift in Sources */,
				CEEB6BDD283D85B100DD73DB /* AppDelegate.swift in Sources */,
				CEEB6BDF283D85B100DD73DB /* SceneDelegate.swift in Sources */,
			);
			runOnlyForDeploymentPostprocessing = 0;
		};
/* End PBXSourcesBuildPhase section */

/* Begin PBXVariantGroup section */
		CEEB6BE2283D85B100DD73DB /* Main.storyboard */ = {
			isa = PBXVariantGroup;
			children = (
				CEEB6BE3283D85B100DD73DB /* Base */,
			);
			name = Main.storyboard;
			sourceTree = "<group>";
		};
		CEEB6BEA283D85B300DD73DB /* LaunchScreen.storyboard */ = {
			isa = PBXVariantGroup;
			children = (
				CEEB6BEB283D85B300DD73DB /* Base */,
			);
			name = LaunchScreen.storyboard;
			sourceTree = "<group>";
		};
/* End PBXVariantGroup section */

/* Begin XCBuildConfiguration section */
		CEEB6BEE283D85B300DD73DB /* Debug */ = {
			isa = XCBuildConfiguration;
			buildSettings = {
				ALWAYS_SEARCH_USER_PATHS = NO;
				CLANG_ANALYZER_NONNULL = YES;
				CLANG_ANALYZER_NUMBER_OBJECT_CONVERSION = YES_AGGRESSIVE;
				CLANG_CXX_LANGUAGE_STANDARD = "gnu++17";
				CLANG_CXX_LIBRARY = "libc++";
				CLANG_ENABLE_MODULES = YES;
				CLANG_ENABLE_OBJC_ARC = YES;
				CLANG_ENABLE_OBJC_WEAK = YES;
				CLANG_WARN_BLOCK_CAPTURE_AUTORELEASING = YES;
				CLANG_WARN_BOOL_CONVERSION = YES;
				CLANG_WARN_COMMA = YES;
				CLANG_WARN_CONSTANT_CONVERSION = YES;
				CLANG_WARN_DEPRECATED_OBJC_IMPLEMENTATIONS = YES;
				CLANG_WARN_DIRECT_OBJC_ISA_USAGE = YES_ERROR;
				CLANG_WARN_DOCUMENTATION_COMMENTS = YES;
				CLANG_WARN_EMPTY_BODY = YES;
				CLANG_WARN_ENUM_CONVERSION = YES;
				CLANG_WARN_INFINITE_RECURSION = YES;
				CLANG_WARN_INT_CONVERSION = YES;
				CLANG_WARN_NON_LITERAL_NULL_CONVERSION = YES;
				CLANG_WARN_OBJC_IMPLICIT_RETAIN_SELF = YES;
				CLANG_WARN_OBJC_LITERAL_CONVERSION = YES;
				CLANG_WARN_OBJC_ROOT_CLASS = YES_ERROR;
				CLANG_WARN_QUOTED_INCLUDE_IN_FRAMEWORK_HEADER = YES;
				CLANG_WARN_RANGE_LOOP_ANALYSIS = YES;
				CLANG_WARN_STRICT_PROTOTYPES = YES;
				CLANG_WARN_SUSPICIOUS_MOVE = YES;
				CLANG_WARN_UNGUARDED_AVAILABILITY = YES_AGGRESSIVE;
				CLANG_WARN_UNREACHABLE_CODE = YES;
				CLANG_WARN__DUPLICATE_METHOD_MATCH = YES;
				COPY_PHASE_STRIP = NO;
				DEBUG_INFORMATION_FORMAT = dwarf;
				ENABLE_STRICT_OBJC_MSGSEND = YES;
				ENABLE_TESTABILITY = YES;
				GCC_C_LANGUAGE_STANDARD = gnu11;
				GCC_DYNAMIC_NO_PIC = NO;
				GCC_NO_COMMON_BLOCKS = YES;
				GCC_OPTIMIZATION_LEVEL = 0;
				GCC_PREPROCESSOR_DEFINITIONS = (
					"DEBUG=1",
					"$(inherited)",
				);
				GCC_WARN_64_TO_32_BIT_CONVERSION = YES;
				GCC_WARN_ABOUT_RETURN_TYPE = YES_ERROR;
				GCC_WARN_UNDECLARED_SELECTOR = YES;
				GCC_WARN_UNINITIALIZED_AUTOS = YES_AGGRESSIVE;
				GCC_WARN_UNUSED_FUNCTION = YES;
				GCC_WARN_UNUSED_VARIABLE = YES;
				IPHONEOS_DEPLOYMENT_TARGET = 15.0;
				MTL_ENABLE_DEBUG_INFO = INCLUDE_SOURCE;
				MTL_FAST_MATH = YES;
				ONLY_ACTIVE_ARCH = YES;
				SDKROOT = iphoneos;
				SWIFT_ACTIVE_COMPILATION_CONDITIONS = DEBUG;
				SWIFT_OPTIMIZATION_LEVEL = "-Onone";
			};
			name = Debug;
		};
		CEEB6BEF283D85B300DD73DB /* Release */ = {
			isa = XCBuildConfiguration;
			buildSettings = {
				ALWAYS_SEARCH_USER_PATHS = NO;
				CLANG_ANALYZER_NONNULL = YES;
				CLANG_ANALYZER_NUMBER_OBJECT_CONVERSION = YES_AGGRESSIVE;
				CLANG_CXX_LANGUAGE_STANDARD = "gnu++17";
				CLANG_CXX_LIBRARY = "libc++";
				CLANG_ENABLE_MODULES = YES;
				CLANG_ENABLE_OBJC_ARC = YES;
				CLANG_ENABLE_OBJC_WEAK = YES;
				CLANG_WARN_BLOCK_CAPTURE_AUTORELEASING = YES;
				CLANG_WARN_BOOL_CONVERSION = YES;
				CLANG_WARN_COMMA = YES;
				CLANG_WARN_CONSTANT_CONVERSION = YES;
				CLANG_WARN_DEPRECATED_OBJC_IMPLEMENTATIONS = YES;
				CLANG_WARN_DIRECT_OBJC_ISA_USAGE = YES_ERROR;
				CLANG_WARN_DOCUMENTATION_COMMENTS = YES;
				CLANG_WARN_EMPTY_BODY = YES;
				CLANG_WARN_ENUM_CONVERSION = YES;
				CLANG_WARN_INFINITE_RECURSION = YES;
				CLANG_WARN_INT_CONVERSION = YES;
				CLANG_WARN_NON_LITERAL_NULL_CONVERSION = YES;
				CLANG_WARN_OBJC_IMPLICIT_RETAIN_SELF = YES;
				CLANG_WARN_OBJC_LITERAL_CONVERSION = YES;
				CLANG_WARN_OBJC_ROOT_CLASS = YES_ERROR;
				CLANG_WARN_QUOTED_INCLUDE_IN_FRAMEWORK_HEADER = YES;
				CLANG_WARN_RANGE_LOOP_ANALYSIS = YES;
				CLANG_WARN_STRICT_PROTOTYPES = YES;
				CLANG_WARN_SUSPICIOUS_MOVE = YES;
				CLANG_WARN_UNGUARDED_AVAILABILITY = YES_AGGRESSIVE;
				CLANG_WARN_UNREACHABLE_CODE = YES;
				CLANG_WARN__DUPLICATE_METHOD_MATCH = YES;
				COPY_PHASE_STRIP = NO;
				DEBUG_INFORMATION_FORMAT = "dwarf-with-dsym";
				ENABLE_NS_ASSERTIONS = NO;
				ENABLE_STRICT_OBJC_MSGSEND = YES;
				GCC_C_LANGUAGE_STANDARD = gnu11;
				GCC_NO_COMMON_BLOCKS = YES;
				GCC_WARN_64_TO_32_BIT_CONVERSION = YES;
				GCC_WARN_ABOUT_RETURN_TYPE = YES_ERROR;
				GCC_WARN_UNDECLARED_SELECTOR = YES;
				GCC_WARN_UNINITIALIZED_AUTOS = YES_AGGRESSIVE;
				GCC_WARN_UNUSED_FUNCTION = YES;
				GCC_WARN_UNUSED_VARIABLE = YES;
				IPHONEOS_DEPLOYMENT_TARGET = 15.0;
				MTL_ENABLE_DEBUG_INFO = NO;
				MTL_FAST_MATH = YES;
				SDKROOT = iphoneos;
				SWIFT_COMPILATION_MODE = wholemodule;
				SWIFT_OPTIMIZATION_LEVEL = "-O";
				VALIDATE_PRODUCT = YES;
			};
			name = Release;
		};
		CEEB6BF1283D85B300DD73DB /* Debug */ = {
			isa = XCBuildConfiguration;
			buildSettings = {
				ASSETCATALOG_COMPILER_APPICON_NAME = AppIcon;
				ASSETCATALOG_COMPILER_GLOBAL_ACCENT_COLOR_NAME = AccentColor;
				CODE_SIGN_STYLE = Automatic;
				CURRENT_PROJECT_VERSION = 1;
				GENERATE_INFOPLIST_FILE = YES;
				INFOPLIST_FILE = A1_A2_iOS_Parth_C0854741/Info.plist;
				INFOPLIST_KEY_UIApplicationSupportsIndirectInputEvents = YES;
				INFOPLIST_KEY_UILaunchStoryboardName = LaunchScreen;
				INFOPLIST_KEY_UIMainStoryboardFile = Main;
				INFOPLIST_KEY_UISupportedInterfaceOrientations_iPad = "UIInterfaceOrientationPortrait UIInterfaceOrientationPortraitUpsideDown UIInterfaceOrientationLandscapeLeft UIInterfaceOrientationLandscapeRight";
				INFOPLIST_KEY_UISupportedInterfaceOrientations_iPhone = "UIInterfaceOrientationPortrait UIInterfaceOrientationLandscapeLeft UIInterfaceOrientationLandscapeRight";
				LD_RUNPATH_SEARCH_PATHS = (
					"$(inherited)",
					"@executable_path/Frameworks",
				);
				MARKETING_VERSION = 1.0;
				PRODUCT_BUNDLE_IDENTIFIER = "com.parth.A1-A2-iOS-Parth-C0854741";
				PRODUCT_NAME = "$(TARGET_NAME)";
				SWIFT_EMIT_LOC_STRINGS = YES;
				SWIFT_VERSION = 5.0;
				TARGETED_DEVICE_FAMILY = "1,2";
			};
			name = Debug;
		};
		CEEB6BF2283D85B300DD73DB /* Release */ = {
			isa = XCBuildConfiguration;
			buildSettings = {
				ASSETCATALOG_COMPILER_APPICON_NAME = AppIcon;
				ASSETCATALOG_COMPILER_GLOBAL_ACCENT_COLOR_NAME = AccentColor;
				CODE_SIGN_STYLE = Automatic;
				CURRENT_PROJECT_VERSION = 1;
				GENERATE_INFOPLIST_FILE = YES;
				INFOPLIST_FILE = A1_A2_iOS_Parth_C0854741/Info.plist;
				INFOPLIST_KEY_UIApplicationSupportsIndirectInputEvents = YES;
				INFOPLIST_KEY_UILaunchStoryboardName = LaunchScreen;
				INFOPLIST_KEY_UIMainStoryboardFile = Main;
				INFOPLIST_KEY_UISupportedInterfaceOrientations_iPad = "UIInterfaceOrientationPortrait UIInterfaceOrientationPortraitUpsideDown UIInterfaceOrientationLandscapeLeft UIInterfaceOrientationLandscapeRight";
				INFOPLIST_KEY_UISupportedInterfaceOrientations_iPhone = "UIInterfaceOrientationPortrait UIInterfaceOrientationLandscapeLeft UIInterfaceOrientationLandscapeRight";
				LD_RUNPATH_SEARCH_PATHS = (
					"$(inherited)",
					"@executable_path/Frameworks",
				);
				MARKETING_VERSION = 1.0;
				PRODUCT_BUNDLE_IDENTIFIER = "com.parth.A1-A2-iOS-Parth-C0854741";
				PRODUCT_NAME = "$(TARGET_NAME)";
				SWIFT_EMIT_LOC_STRINGS = YES;
				SWIFT_VERSION = 5.0;
				TARGETED_DEVICE_FAMILY = "1,2";
			};
			name = Release;
		};
/* End XCBuildConfiguration section */

/* Begin XCConfigurationList section */
		CEEB6BD4283D85B100DD73DB /* Build configuration list for PBXProject "A1_A2_iOS_Parth_C0854741" */ = {
			isa = XCConfigurationList;
			buildConfigurations = (
				CEEB6BEE283D85B300DD73DB /* Debug */,
				CEEB6BEF283D85B300DD73DB /* Release */,
			);
			defaultConfigurationIsVisible = 0;
			defaultConfigurationName = Release;
		};
		CEEB6BF0283D85B300DD73DB /* Build configuration list for PBXNativeTarget "A1_A2_iOS_Parth_C0854741" */ = {
			isa = XCConfigurationList;
			buildConfigurations = (
				CEEB6BF1283D85B300DD73DB /* Debug */,
				CEEB6BF2283D85B300DD73DB /* Release */,
			);
			defaultConfigurationIsVisible = 0;
			defaultConfigurationName = Release;
		};
/* End XCConfigurationList section */

/* Begin XCVersionGroup section */
		CEEB6BE5283D85B100DD73DB /* A1_A2_iOS_Parth_C0854741.xcdatamodeld */ = {
			isa = XCVersionGroup;
			children = (
				CEEB6BE6283D85B100DD73DB /* A1_A2_iOS_Parth_C0854741.xcdatamodel */,
			);
			currentVersion = CEEB6BE6283D85B100DD73DB /* A1_A2_iOS_Parth_C0854741.xcdatamodel */;
			path = A1_A2_iOS_Parth_C0854741.xcdatamodeld;
			sourceTree = "<group>";
			versionGroupType = wrapper.xcdatamodel;
		};
/* End XCVersionGroup section */
	};
	rootObject = CEEB6BD1283D85B100DD73DB /* Project object */;
}
